
Microsoft Visual Studio Solution File, Format Version 12.00
# Visual Studio 15
VisualStudioVersion = 15.0.27130.2027
MinimumVisualStudioVersion = 10.0.40219.1
Project("{FAE04EC0-301F-11D3-BF4B-00C04F79EFBC}") = "DystopiaPostBuild", "DystopiaPostBuild\DystopiaPostBuild.csproj", "{EBC84189-6A42-4D9C-BF15-55CD92873381}"
EndProject
Global
	GlobalSection(SolutionConfigurationPlatforms) = preSolution
		Debug|Any CPU = Debug|Any CPU
		Release|Any CPU = Release|Any CPU
	EndGlobalSection
	GlobalSection(ProjectConfigurationPlatforms) = postSolution
		{EBC84189-6A42-4D9C-BF15-55CD92873381}.Debug|Any CPU.ActiveCfg = Debug|Any CPU
		{EBC84189-6A42-4D9C-BF15-55CD92873381}.Debug|Any CPU.Build.0 = Debug|Any CPU
		{EBC84189-6A42-4D9C-BF15-55CD92873381}.Release|Any CPU.ActiveCfg = Release|Any CPU
		{EBC84189-6A42-4D9C-BF15-55CD92873381}.Release|Any CPU.Build.0 = Release|Any CPU
	EndGlobalSection
	GlobalSection(SolutionProperties) = preSolution
		HideSolutionNode = FALSE
	EndGlobalSection
	GlobalSection(ExtensibilityGlobals) = postSolution
		SolutionGuid = {E958F813-EA2F-4457-8C1A-694D28B10A19}
	EndGlobalSection
EndGlobal
